{
    "_readme": [
        "This file locks the dependencies of your project to a known state",
        "Read more about it at https://getcomposer.org/doc/01-basic-usage.md#installing-dependencies",
        "This file is @generated automatically"
    ],
    "content-hash": "91aeb9280a9214a74f6151ff254ea7b2",
    "packages": [
        {
            "name": "bower-asset/fullpage.js",
            "version": "dev-master",
            "source": {
                "type": "git",
                "url": "https://github.com/alvarotrigo/fullPage.js.git",
                "reference": "8bed990477d0d18366dc0a887cf3abd511cdab89"
            },
            "dist": {
                "type": "zip",
                "url": "https://api.github.com/repos/alvarotrigo/fullPage.js/zipball/8bed990477d0d18366dc0a887cf3abd511cdab89",
                "reference": "8bed990477d0d18366dc0a887cf3abd511cdab89",
                "shasum": null
            },
            "type": "bower-asset",
            "license": [
                "GPL-3.0"
            ],
            "time": "2019-04-10T16:35:26+00:00"
        },
        {
            "name": "bower-asset/greensock",
            "version": "1.18.0",
            "source": {
                "type": "git",
                "url": "https://github.com/greensock/GreenSock-JS.git",
                "reference": "1db940c2bb90fe93a9211c9c9c0654d761656aa7"
            },
            "dist": {
                "type": "zip",
                "url": "https://api.github.com/repos/greensock/GreenSock-JS/zipball/1db940c2bb90fe93a9211c9c9c0654d761656aa7",
                "reference": "1db940c2bb90fe93a9211c9c9c0654d761656aa7",
                "shasum": null
            },
            "type": "bower-asset"
        },
        {
            "name": "bower-asset/jquery",
            "version": "3.4.1",
            "source": {
                "type": "git",
                "url": "https://github.com/jquery/jquery-dist.git",
                "reference": "15bc73803f76bc53b654b9fdbbbc096f56d7c03d"
            },
            "dist": {
                "type": "zip",
                "url": "https://api.github.com/repos/jquery/jquery-dist/zipball/15bc73803f76bc53b654b9fdbbbc096f56d7c03d",
                "reference": "15bc73803f76bc53b654b9fdbbbc096f56d7c03d",
                "shasum": null
            },
            "type": "bower-asset",
            "license": [
                "MIT"
            ]
        },
        {
            "name": "bower-asset/magnific-popup",
            "version": "1.1.0",
            "source": {
                "type": "git",
                "url": "git@github.com:dimsemenov/Magnific-Popup.git",
                "reference": "6b7a8088783cbce01034414c1fd2d8e1889093ae"
            },
            "dist": {
                "type": "zip",
                "url": "https://api.github.com/repos/dimsemenov/Magnific-Popup/zipball/6b7a8088783cbce01034414c1fd2d8e1889093ae",
                "reference": "6b7a8088783cbce01034414c1fd2d8e1889093ae",
                "shasum": null
            },
            "require": {
                "bower-asset/jquery": ">=1.8.0"
            },
            "type": "bower-asset"
        },
        {
            "name": "bower-asset/scrollify",
            "version": "dev-master",
            "source": {
                "type": "git",
                "url": "https://github.com/lukehaas/Scrollify.git",
                "reference": "bd77b5d8bc72d64803c918913fb6949000fb0e37"
            },
            "dist": {
                "type": "zip",
                "url": "https://api.github.com/repos/lukehaas/Scrollify/zipball/bd77b5d8bc72d64803c918913fb6949000fb0e37",
                "reference": "bd77b5d8bc72d64803c918913fb6949000fb0e37",
                "shasum": null
            },
            "require": {
                "bower-asset/jquery": "*"
            },
            "type": "bower-asset",
            "license": [
                "MIT"
            ],
            "time": "2019-03-24T14:16:56+00:00"
        },
        {
            "name": "bower-asset/scrollmagic",
            "version": "dev-master",
            "source": {
                "type": "git",
                "url": "git@github.com:janpaepke/ScrollMagic.git",
                "reference": "d7743a27b4a01d05652e8fcdb53281e3c0e077f4"
            },
            "dist": {
                "type": "zip",
                "url": "https://api.github.com/repos/janpaepke/ScrollMagic/zipball/d7743a27b4a01d05652e8fcdb53281e3c0e077f4",
                "reference": "d7743a27b4a01d05652e8fcdb53281e3c0e077f4",
                "shasum": null
            },
            "type": "bower-asset",
            "license": [
                "MIT",
                "GPL-3.0+"
            ],
            "time": "2019-05-07T10:50:31+00:00"
        },
        {
            "name": "bower-asset/swiper",
            "version": "dev-master",
            "source": {
                "type": "git",
                "url": "https://github.com/nolimits4web/swiper.git",
                "reference": "8d0dd34f87a48a497389f2cc8ed9503c0ba351b3"
            },
            "dist": {
                "type": "zip",
                "url": "https://api.github.com/repos/nolimits4web/swiper/zipball/8d0dd34f87a48a497389f2cc8ed9503c0ba351b3",
                "reference": "8d0dd34f87a48a497389f2cc8ed9503c0ba351b3",
                "shasum": null
            },
            "type": "bower-asset",
            "license": [
                "MIT"
            ],
            "time": "2019-04-15T14:41:05+00:00"
        },
        {
            "name": "composer/installers",
            "version": "v1.6.0",
            "source": {
                "type": "git",
                "url": "https://github.com/composer/installers.git",
                "reference": "cfcca6b1b60bc4974324efb5783c13dca6932b5b"
            },
            "dist": {
                "type": "zip",
                "url": "https://api.github.com/repos/composer/installers/zipball/cfcca6b1b60bc4974324efb5783c13dca6932b5b",
                "reference": "cfcca6b1b60bc4974324efb5783c13dca6932b5b",
                "shasum": ""
            },
            "require": {
                "composer-plugin-api": "^1.0"
            },
            "replace": {
                "roundcube/plugin-installer": "*",
                "shama/baton": "*"
            },
            "require-dev": {
                "composer/composer": "1.0.*@dev",
                "phpunit/phpunit": "^4.8.36"
            },
            "type": "composer-plugin",
            "extra": {
                "class": "Composer\\Installers\\Plugin",
                "branch-alias": {
                    "dev-master": "1.0-dev"
                }
            },
            "autoload": {
                "psr-4": {
                    "Composer\\Installers\\": "src/Composer/Installers"
                }
            },
            "notification-url": "https://packagist.org/downloads/",
            "license": [
                "MIT"
            ],
            "authors": [
                {
                    "name": "Kyle Robinson Young",
                    "email": "kyle@dontkry.com",
                    "homepage": "https://github.com/shama"
                }
            ],
            "description": "A multi-framework Composer library installer",
            "homepage": "https://composer.github.io/installers/",
            "keywords": [
                "Craft",
                "Dolibarr",
                "Eliasis",
                "Hurad",
                "ImageCMS",
                "Kanboard",
                "Lan Management System",
                "MODX Evo",
                "Mautic",
                "Maya",
                "OXID",
                "Plentymarkets",
                "Porto",
                "RadPHP",
                "SMF",
                "Thelia",
                "WolfCMS",
                "agl",
                "aimeos",
                "annotatecms",
                "attogram",
                "bitrix",
                "cakephp",
                "chef",
                "cockpit",
                "codeigniter",
                "concrete5",
                "croogo",
                "dokuwiki",
                "drupal",
                "eZ Platform",
                "elgg",
                "expressionengine",
                "fuelphp",
                "grav",
                "installer",
                "itop",
                "joomla",
                "kohana",
                "laravel",
                "lavalite",
                "lithium",
                "magento",
                "majima",
                "mako",
                "mediawiki",
                "modulework",
                "modx",
                "moodle",
                "osclass",
                "phpbb",
                "piwik",
                "ppi",
                "puppet",
                "pxcms",
                "reindex",
                "roundcube",
                "shopware",
                "silverstripe",
                "sydes",
                "symfony",
                "typo3",
                "wordpress",
                "yawik",
                "zend",
                "zikula"
            ],
            "time": "2018-08-27T06:10:37+00:00"
        },
        {
            "name": "oomphinc/composer-installers-extender",
            "version": "v1.1.2",
            "source": {
                "type": "git",
                "url": "https://github.com/oomphinc/composer-installers-extender.git",
                "reference": "ca1c4b16b0905c81d1e77e608f36a2eff1a56f56"
            },
            "dist": {
                "type": "zip",
                "url": "https://api.github.com/repos/oomphinc/composer-installers-extender/zipball/ca1c4b16b0905c81d1e77e608f36a2eff1a56f56",
                "reference": "ca1c4b16b0905c81d1e77e608f36a2eff1a56f56",
                "shasum": ""
            },
            "require": {
                "composer-plugin-api": "^1.0",
                "composer/installers": "^1.0"
            },
            "type": "composer-plugin",
            "extra": {
                "class": "OomphInc\\ComposerInstallersExtender\\Plugin"
            },
            "autoload": {
                "psr-4": {
                    "OomphInc\\ComposerInstallersExtender\\": "src/"
                }
            },
            "notification-url": "https://packagist.org/downloads/",
            "license": [
                "MIT"
            ],
            "authors": [
                {
                    "name": "Stephen Beemsterboer",
                    "email": "stephen@oomphinc.com",
                    "homepage": "https://github.com/balbuf"
                }
            ],
            "description": "Extend the composer/installers plugin to accept any arbitrary package type.",
            "homepage": "http://www.oomphinc.com/",
            "time": "2017-03-31T16:57:39+00:00"
        }
    ],
    "packages-dev": [],
    "aliases": [],
    "minimum-stability": "dev",
    "stability-flags": {
        "bower-asset/swiper": 20,
        "bower-asset/fullpage.js": 20,
        "bower-asset/scrollify": 20,
        "bower-asset/scrollmagic": 20
    },
    "prefer-stable": false,
    "prefer-lowest": false,
    "platform": [],
    "platform-dev": []
}
