{
    "_readme": [
        "This file locks the dependencies of your project to a known state",
        "Read more about it at https://getcomposer.org/doc/01-basic-usage.md#composer-lock-the-lock-file",
        "This file is @generated automatically"
    ],
    "content-hash": "0e90a4ba9adc96fb762ae12540f65954",
    "packages": [
        {
            "name": "bower-asset/dimsemenov/magnific-popup",
            "version": "dev-master",
            "source": {
                "type": "git",
                "url": "https://github.com/dimsemenov/Magnific-Popup.git",
                "reference": "c8f6b8549ebff2306c5f1179c9d112308185fe2c"
            },
            "dist": {
                "type": "zip",
                "url": "https://api.github.com/repos/dimsemenov/Magnific-Popup/zipball/c8f6b8549ebff2306c5f1179c9d112308185fe2c",
                "reference": "c8f6b8549ebff2306c5f1179c9d112308185fe2c",
                "shasum": ""
            },
            "require": {
                "bower-asset/jquery": ">=1.8.0"
            },
            "type": "bower-asset-library",
            "extra": {
                "bower-asset-main": [
                    "dist/jquery.magnific-popup.js",
                    "dist/magnific-popup.css"
                ],
                "bower-asset-ignore": [
                    "node_modules/",
                    "components/",
                    "website/",
                    "libs/"
                ]
            },
            "time": "2017-06-05 08:11:48"
        },
        {
            "name": "bower-asset/jquery",
            "version": "2.2.4",
            "source": {
                "type": "git",
                "url": "https://github.com/jquery/jquery-dist.git",
                "reference": "c0185ab7c75aab88762c5aae780b9d83b80eda72"
            },
            "dist": {
                "type": "zip",
                "url": "https://api.github.com/repos/jquery/jquery-dist/zipball/c0185ab7c75aab88762c5aae780b9d83b80eda72",
                "reference": "c0185ab7c75aab88762c5aae780b9d83b80eda72",
                "shasum": ""
            },
            "type": "bower-asset-library",
            "extra": {
                "bower-asset-main": "dist/jquery.js",
                "bower-asset-ignore": [
                    "package.json"
                ]
            },
            "license": [
                "MIT"
            ],
            "keywords": [
                "browser",
                "javascript",
                "jquery",
                "library"
            ],
            "time": "2016-05-20T17:24:43+00:00"
        },
        {
            "name": "bower-asset/magnific-popup",
            "version": "1.1.0",
            "source": {
                "type": "git",
                "url": "https://github.com/dimsemenov/Magnific-Popup.git",
                "reference": "6b7a8088783cbce01034414c1fd2d8e1889093ae"
            },
            "dist": {
                "type": "zip",
                "url": "https://api.github.com/repos/dimsemenov/Magnific-Popup/zipball/6b7a8088783cbce01034414c1fd2d8e1889093ae",
                "reference": "6b7a8088783cbce01034414c1fd2d8e1889093ae",
                "shasum": ""
            },
            "require": {
                "bower-asset/jquery": ">=1.8.0"
            },
            "type": "bower-asset-library",
            "extra": {
                "bower-asset-main": [
                    "dist/jquery.magnific-popup.js",
                    "dist/magnific-popup.css"
                ],
                "bower-asset-ignore": [
                    "node_modules/",
                    "components/",
                    "website/",
                    "libs/"
                ]
            },
            "time": "2016-02-20T09:06:30+00:00"
        },
        {
            "name": "bower-asset/slick-carousel",
            "version": "dev-master",
            "source": {
                "type": "git",
                "url": "https://github.com/kenwheeler/slick.git",
                "reference": "a2aa3fec335c50aceb58f6ef6d22df8e5f3238e1"
            },
            "dist": {
                "type": "zip",
                "url": "https://api.github.com/repos/kenwheeler/slick/zipball/a2aa3fec335c50aceb58f6ef6d22df8e5f3238e1",
                "reference": "a2aa3fec335c50aceb58f6ef6d22df8e5f3238e1",
                "shasum": ""
            },
            "require": {
                "bower-asset/jquery": ">=1.7"
            },
            "type": "bower-asset-library",
            "extra": {
                "bower-asset-main": [
                    "slick/slick.js",
                    "slick/slick.css",
                    "slick/slick.less",
                    "slick/slick.scss"
                ],
                "bower-asset-ignore": [
                    "**/.*",
                    "node_modules",
                    "bower_components",
                    "test",
                    "tests",
                    "package.json",
                    "index.html"
                ]
            },
            "license": [
                "MIT"
            ],
            "description": "the last carousel you'll ever need",
            "keywords": [
                "carousel",
                "jquery",
                "responsive"
            ],
            "time": "2018-04-17 19:49:13"
        }
    ],
    "packages-dev": [],
    "aliases": [],
    "minimum-stability": "dev",
    "stability-flags": {
        "bower-asset/dimsemenov/magnific-popup": 20,
        "bower-asset/slick-carousel": 20
    },
    "prefer-stable": false,
    "prefer-lowest": false,
    "platform": [],
    "platform-dev": []
}
